
Microsoft Visual Studio Solution File, Format Version 12.00
# Visual Studio 15
VisualStudioVersion = 15.0.28307.271
MinimumVisualStudioVersion = 10.0.40219.1
Project("{FAE04EC0-301F-11D3-BF4B-00C04F79EFBC}") = "InversionOfControlContainer", "InversionOfControlContainer\InversionOfControlContainer.csproj", "{24FC66B9-D391-4E1B-B70E-6B084EB77D62}"
EndProject
Project("{FAE04EC0-301F-11D3-BF4B-00C04F79EFBC}") = "InversionOfControlContainerTests", "InversionOfControlContainerTests\InversionOfControlContainerTests.csproj", "{A2250D53-F9DD-4B4A-AC43-95F7347D62E0}"
	ProjectSection(ProjectDependencies) = postProject
		{24FC66B9-D391-4E1B-B70E-6B084EB77D62} = {24FC66B9-D391-4E1B-B70E-6B084EB77D62}
	EndProjectSection
EndProject
Global
	GlobalSection(SolutionConfigurationPlatforms) = preSolution
		Debug|Any CPU = Debug|Any CPU
		Release|Any CPU = Release|Any CPU
	EndGlobalSection
	GlobalSection(ProjectConfigurationPlatforms) = postSolution
		{24FC66B9-D391-4E1B-B70E-6B084EB77D62}.Debug|Any CPU.ActiveCfg = Debug|Any CPU
		{24FC66B9-D391-4E1B-B70E-6B084EB77D62}.Debug|Any CPU.Build.0 = Debug|Any CPU
		{24FC66B9-D391-4E1B-B70E-6B084EB77D62}.Release|Any CPU.ActiveCfg = Release|Any CPU
		{24FC66B9-D391-4E1B-B70E-6B084EB77D62}.Release|Any CPU.Build.0 = Release|Any CPU
		{A2250D53-F9DD-4B4A-AC43-95F7347D62E0}.Debug|Any CPU.ActiveCfg = Debug|Any CPU
		{A2250D53-F9DD-4B4A-AC43-95F7347D62E0}.Debug|Any CPU.Build.0 = Debug|Any CPU
		{A2250D53-F9DD-4B4A-AC43-95F7347D62E0}.Release|Any CPU.ActiveCfg = Release|Any CPU
		{A2250D53-F9DD-4B4A-AC43-95F7347D62E0}.Release|Any CPU.Build.0 = Release|Any CPU
	EndGlobalSection
	GlobalSection(SolutionProperties) = preSolution
		HideSolutionNode = FALSE
	EndGlobalSection
	GlobalSection(ExtensibilityGlobals) = postSolution
		SolutionGuid = {6CCC05BD-D7C7-415E-BF35-A9EF62D05809}
	EndGlobalSection
EndGlobal
